
Microsoft Visual Studio Solution File, Format Version 12.00
# Visual Studio 2012
Project("{FAE04EC0-301F-11D3-BF4B-00C04F79EFBC}") = "demo-particle-xamarin.android", "demo-particle-xamarin.android\demo-particle-xamarin.android.csproj", "{51AF0D2A-A1E9-4206-B583-7B8BCFAC9D82}"
EndProject
Project("{FAE04EC0-301F-11D3-BF4B-00C04F79EFBC}") = "demo-particle-xamarin.ios", "demo-particle-xamarin.ios\demo-particle-xamarin.ios.csproj", "{9A85DD6E-4087-4784-B8AC-30A887D7106D}"
EndProject
Project("{FAE04EC0-301F-11D3-BF4B-00C04F79EFBC}") = "PhotonLoadbalancingApi", "PhotonLoadbalancingApi\PhotonLoadbalancingApi.csproj", "{BCDFE568-BB79-47E2-959A-4CC23C68DABA}"
EndProject
Project("{FAE04EC0-301F-11D3-BF4B-00C04F79EFBC}") = "demo-particle-logic", "demo-particle-logic\demo-particle-logic.csproj", "{D7F13F45-546A-47EB-AB75-1A030362A09F}"
EndProject
Global
	GlobalSection(SolutionConfigurationPlatforms) = preSolution
		Ad-Hoc|Any CPU = Ad-Hoc|Any CPU
		Ad-Hoc|iPhone = Ad-Hoc|iPhone
		Ad-Hoc|iPhoneSimulator = Ad-Hoc|iPhoneSimulator
		Ad-Hoc|Mixed Platforms = Ad-Hoc|Mixed Platforms
		Ad-Hoc|x86 = Ad-Hoc|x86
		AppStore|Any CPU = AppStore|Any CPU
		AppStore|iPhone = AppStore|iPhone
		AppStore|iPhoneSimulator = AppStore|iPhoneSimulator
		AppStore|Mixed Platforms = AppStore|Mixed Platforms
		AppStore|x86 = AppStore|x86
		Debug|Any CPU = Debug|Any CPU
		Debug|iPhone = Debug|iPhone
		Debug|iPhoneSimulator = Debug|iPhoneSimulator
		Debug|Mixed Platforms = Debug|Mixed Platforms
		Debug|x86 = Debug|x86
		Release|Any CPU = Release|Any CPU
		Release|iPhone = Release|iPhone
		Release|iPhoneSimulator = Release|iPhoneSimulator
		Release|Mixed Platforms = Release|Mixed Platforms
		Release|x86 = Release|x86
	EndGlobalSection
	GlobalSection(ProjectConfigurationPlatforms) = postSolution
		{51AF0D2A-A1E9-4206-B583-7B8BCFAC9D82}.Ad-Hoc|Any CPU.ActiveCfg = Release|Any CPU
		{51AF0D2A-A1E9-4206-B583-7B8BCFAC9D82}.Ad-Hoc|Any CPU.Build.0 = Release|Any CPU
		{51AF0D2A-A1E9-4206-B583-7B8BCFAC9D82}.Ad-Hoc|Any CPU.Deploy.0 = Release|Any CPU
		{51AF0D2A-A1E9-4206-B583-7B8BCFAC9D82}.Ad-Hoc|iPhone.ActiveCfg = Release|Any CPU
		{51AF0D2A-A1E9-4206-B583-7B8BCFAC9D82}.Ad-Hoc|iPhoneSimulator.ActiveCfg = Release|Any CPU
		{51AF0D2A-A1E9-4206-B583-7B8BCFAC9D82}.Ad-Hoc|Mixed Platforms.ActiveCfg = Debug|Any CPU
		{51AF0D2A-A1E9-4206-B583-7B8BCFAC9D82}.Ad-Hoc|Mixed Platforms.Build.0 = Debug|Any CPU
		{51AF0D2A-A1E9-4206-B583-7B8BCFAC9D82}.Ad-Hoc|Mixed Platforms.Deploy.0 = Debug|Any CPU
		{51AF0D2A-A1E9-4206-B583-7B8BCFAC9D82}.Ad-Hoc|x86.ActiveCfg = Release|Any CPU
		{51AF0D2A-A1E9-4206-B583-7B8BCFAC9D82}.AppStore|Any CPU.ActiveCfg = Release|Any CPU
		{51AF0D2A-A1E9-4206-B583-7B8BCFAC9D82}.AppStore|Any CPU.Build.0 = Release|Any CPU
		{51AF0D2A-A1E9-4206-B583-7B8BCFAC9D82}.AppStore|Any CPU.Deploy.0 = Release|Any CPU
		{51AF0D2A-A1E9-4206-B583-7B8BCFAC9D82}.AppStore|iPhone.ActiveCfg = Release|Any CPU
		{51AF0D2A-A1E9-4206-B583-7B8BCFAC9D82}.AppStore|iPhoneSimulator.ActiveCfg = Release|Any CPU
		{51AF0D2A-A1E9-4206-B583-7B8BCFAC9D82}.AppStore|Mixed Platforms.ActiveCfg = Debug|Any CPU
		{51AF0D2A-A1E9-4206-B583-7B8BCFAC9D82}.AppStore|Mixed Platforms.Build.0 = Debug|Any CPU
		{51AF0D2A-A1E9-4206-B583-7B8BCFAC9D82}.AppStore|Mixed Platforms.Deploy.0 = Debug|Any CPU
		{51AF0D2A-A1E9-4206-B583-7B8BCFAC9D82}.AppStore|x86.ActiveCfg = Release|Any CPU
		{51AF0D2A-A1E9-4206-B583-7B8BCFAC9D82}.Debug|Any CPU.ActiveCfg = Debug|Any CPU
		{51AF0D2A-A1E9-4206-B583-7B8BCFAC9D82}.Debug|Any CPU.Build.0 = Debug|Any CPU
		{51AF0D2A-A1E9-4206-B583-7B8BCFAC9D82}.Debug|Any CPU.Deploy.0 = Debug|Any CPU
		{51AF0D2A-A1E9-4206-B583-7B8BCFAC9D82}.Debug|iPhone.ActiveCfg = Debug|Any CPU
		{51AF0D2A-A1E9-4206-B583-7B8BCFAC9D82}.Debug|iPhoneSimulator.ActiveCfg = Debug|Any CPU
		{51AF0D2A-A1E9-4206-B583-7B8BCFAC9D82}.Debug|Mixed Platforms.ActiveCfg = Debug|Any CPU
		{51AF0D2A-A1E9-4206-B583-7B8BCFAC9D82}.Debug|Mixed Platforms.Build.0 = Debug|Any CPU
		{51AF0D2A-A1E9-4206-B583-7B8BCFAC9D82}.Debug|Mixed Platforms.Deploy.0 = Debug|Any CPU
		{51AF0D2A-A1E9-4206-B583-7B8BCFAC9D82}.Debug|x86.ActiveCfg = Debug|Any CPU
		{51AF0D2A-A1E9-4206-B583-7B8BCFAC9D82}.Release|Any CPU.ActiveCfg = Release|Any CPU
		{51AF0D2A-A1E9-4206-B583-7B8BCFAC9D82}.Release|Any CPU.Build.0 = Release|Any CPU
		{51AF0D2A-A1E9-4206-B583-7B8BCFAC9D82}.Release|iPhone.ActiveCfg = Release|Any CPU
		{51AF0D2A-A1E9-4206-B583-7B8BCFAC9D82}.Release|iPhoneSimulator.ActiveCfg = Release|Any CPU
		{51AF0D2A-A1E9-4206-B583-7B8BCFAC9D82}.Release|Mixed Platforms.ActiveCfg = Release|Any CPU
		{51AF0D2A-A1E9-4206-B583-7B8BCFAC9D82}.Release|Mixed Platforms.Build.0 = Release|Any CPU
		{51AF0D2A-A1E9-4206-B583-7B8BCFAC9D82}.Release|Mixed Platforms.Deploy.0 = Release|Any CPU
		{51AF0D2A-A1E9-4206-B583-7B8BCFAC9D82}.Release|x86.ActiveCfg = Release|Any CPU
		{9A85DD6E-4087-4784-B8AC-30A887D7106D}.Ad-Hoc|Any CPU.ActiveCfg = Ad-Hoc|iPhone
		{9A85DD6E-4087-4784-B8AC-30A887D7106D}.Ad-Hoc|iPhone.ActiveCfg = Ad-Hoc|iPhone
		{9A85DD6E-4087-4784-B8AC-30A887D7106D}.Ad-Hoc|iPhone.Build.0 = Ad-Hoc|iPhone
		{9A85DD6E-4087-4784-B8AC-30A887D7106D}.Ad-Hoc|iPhoneSimulator.ActiveCfg = Ad-Hoc|iPhone
		{9A85DD6E-4087-4784-B8AC-30A887D7106D}.Ad-Hoc|Mixed Platforms.ActiveCfg = Ad-Hoc|iPhoneSimulator
		{9A85DD6E-4087-4784-B8AC-30A887D7106D}.Ad-Hoc|Mixed Platforms.Build.0 = Ad-Hoc|iPhoneSimulator
		{9A85DD6E-4087-4784-B8AC-30A887D7106D}.Ad-Hoc|x86.ActiveCfg = Ad-Hoc|iPhone
		{9A85DD6E-4087-4784-B8AC-30A887D7106D}.AppStore|Any CPU.ActiveCfg = AppStore|iPhone
		{9A85DD6E-4087-4784-B8AC-30A887D7106D}.AppStore|iPhone.ActiveCfg = AppStore|iPhone
		{9A85DD6E-4087-4784-B8AC-30A887D7106D}.AppStore|iPhone.Build.0 = AppStore|iPhone
		{9A85DD6E-4087-4784-B8AC-30A887D7106D}.AppStore|iPhoneSimulator.ActiveCfg = AppStore|iPhone
		{9A85DD6E-4087-4784-B8AC-30A887D7106D}.AppStore|Mixed Platforms.ActiveCfg = AppStore|iPhoneSimulator
		{9A85DD6E-4087-4784-B8AC-30A887D7106D}.AppStore|Mixed Platforms.Build.0 = AppStore|iPhoneSimulator
		{9A85DD6E-4087-4784-B8AC-30A887D7106D}.AppStore|x86.ActiveCfg = AppStore|iPhone
		{9A85DD6E-4087-4784-B8AC-30A887D7106D}.AppStore|x86.Build.0 = AppStore|iPhone
		{9A85DD6E-4087-4784-B8AC-30A887D7106D}.Debug|Any CPU.ActiveCfg = Debug|iPhoneSimulator
		{9A85DD6E-4087-4784-B8AC-30A887D7106D}.Debug|Any CPU.Build.0 = Debug|iPhoneSimulator
		{9A85DD6E-4087-4784-B8AC-30A887D7106D}.Debug|iPhone.ActiveCfg = Debug|iPhone
		{9A85DD6E-4087-4784-B8AC-30A887D7106D}.Debug|iPhone.Build.0 = Debug|iPhone
		{9A85DD6E-4087-4784-B8AC-30A887D7106D}.Debug|iPhoneSimulator.ActiveCfg = Debug|iPhoneSimulator
		{9A85DD6E-4087-4784-B8AC-30A887D7106D}.Debug|iPhoneSimulator.Build.0 = Debug|iPhoneSimulator
		{9A85DD6E-4087-4784-B8AC-30A887D7106D}.Debug|Mixed Platforms.ActiveCfg = Debug|iPhone
		{9A85DD6E-4087-4784-B8AC-30A887D7106D}.Debug|Mixed Platforms.Build.0 = Debug|iPhone
		{9A85DD6E-4087-4784-B8AC-30A887D7106D}.Debug|x86.ActiveCfg = Debug|iPhoneSimulator
		{9A85DD6E-4087-4784-B8AC-30A887D7106D}.Debug|x86.Build.0 = Debug|iPhoneSimulator
		{9A85DD6E-4087-4784-B8AC-30A887D7106D}.Release|Any CPU.ActiveCfg = Release|iPhoneSimulator
		{9A85DD6E-4087-4784-B8AC-30A887D7106D}.Release|Any CPU.Build.0 = Release|iPhoneSimulator
		{9A85DD6E-4087-4784-B8AC-30A887D7106D}.Release|iPhone.ActiveCfg = Release|iPhone
		{9A85DD6E-4087-4784-B8AC-30A887D7106D}.Release|iPhone.Build.0 = Release|iPhone
		{9A85DD6E-4087-4784-B8AC-30A887D7106D}.Release|iPhoneSimulator.ActiveCfg = Release|iPhoneSimulator
		{9A85DD6E-4087-4784-B8AC-30A887D7106D}.Release|iPhoneSimulator.Build.0 = Release|iPhoneSimulator
		{9A85DD6E-4087-4784-B8AC-30A887D7106D}.Release|Mixed Platforms.ActiveCfg = Release|iPhone
		{9A85DD6E-4087-4784-B8AC-30A887D7106D}.Release|Mixed Platforms.Build.0 = Release|iPhone
		{9A85DD6E-4087-4784-B8AC-30A887D7106D}.Release|x86.ActiveCfg = Release|iPhoneSimulator
		{9A85DD6E-4087-4784-B8AC-30A887D7106D}.Release|x86.Build.0 = Release|iPhoneSimulator
		{BCDFE568-BB79-47E2-959A-4CC23C68DABA}.Ad-Hoc|Any CPU.ActiveCfg = Release|Any CPU
		{BCDFE568-BB79-47E2-959A-4CC23C68DABA}.Ad-Hoc|Any CPU.Build.0 = Release|Any CPU
		{BCDFE568-BB79-47E2-959A-4CC23C68DABA}.Ad-Hoc|iPhone.ActiveCfg = Release|Any CPU
		{BCDFE568-BB79-47E2-959A-4CC23C68DABA}.Ad-Hoc|iPhoneSimulator.ActiveCfg = Release|Any CPU
		{BCDFE568-BB79-47E2-959A-4CC23C68DABA}.Ad-Hoc|Mixed Platforms.ActiveCfg = Debug|Any CPU
		{BCDFE568-BB79-47E2-959A-4CC23C68DABA}.Ad-Hoc|Mixed Platforms.Build.0 = Debug|Any CPU
		{BCDFE568-BB79-47E2-959A-4CC23C68DABA}.Ad-Hoc|x86.ActiveCfg = Release|Any CPU
		{BCDFE568-BB79-47E2-959A-4CC23C68DABA}.AppStore|Any CPU.ActiveCfg = Release|Any CPU
		{BCDFE568-BB79-47E2-959A-4CC23C68DABA}.AppStore|Any CPU.Build.0 = Release|Any CPU
		{BCDFE568-BB79-47E2-959A-4CC23C68DABA}.AppStore|iPhone.ActiveCfg = Release|Any CPU
		{BCDFE568-BB79-47E2-959A-4CC23C68DABA}.AppStore|iPhoneSimulator.ActiveCfg = Release|Any CPU
		{BCDFE568-BB79-47E2-959A-4CC23C68DABA}.AppStore|Mixed Platforms.ActiveCfg = Debug|Any CPU
		{BCDFE568-BB79-47E2-959A-4CC23C68DABA}.AppStore|Mixed Platforms.Build.0 = Debug|Any CPU
		{BCDFE568-BB79-47E2-959A-4CC23C68DABA}.AppStore|x86.ActiveCfg = Release|Any CPU
		{BCDFE568-BB79-47E2-959A-4CC23C68DABA}.Debug|Any CPU.ActiveCfg = Debug|Any CPU
		{BCDFE568-BB79-47E2-959A-4CC23C68DABA}.Debug|Any CPU.Build.0 = Debug|Any CPU
		{BCDFE568-BB79-47E2-959A-4CC23C68DABA}.Debug|iPhone.ActiveCfg = Debug|Any CPU
		{BCDFE568-BB79-47E2-959A-4CC23C68DABA}.Debug|iPhoneSimulator.ActiveCfg = Debug|Any CPU
		{BCDFE568-BB79-47E2-959A-4CC23C68DABA}.Debug|Mixed Platforms.ActiveCfg = Debug|Any CPU
		{BCDFE568-BB79-47E2-959A-4CC23C68DABA}.Debug|Mixed Platforms.Build.0 = Debug|Any CPU
		{BCDFE568-BB79-47E2-959A-4CC23C68DABA}.Debug|x86.ActiveCfg = Debug|Any CPU
		{BCDFE568-BB79-47E2-959A-4CC23C68DABA}.Release|Any CPU.ActiveCfg = Release|Any CPU
		{BCDFE568-BB79-47E2-959A-4CC23C68DABA}.Release|Any CPU.Build.0 = Release|Any CPU
		{BCDFE568-BB79-47E2-959A-4CC23C68DABA}.Release|iPhone.ActiveCfg = Release|Any CPU
		{BCDFE568-BB79-47E2-959A-4CC23C68DABA}.Release|iPhoneSimulator.ActiveCfg = Release|Any CPU
		{BCDFE568-BB79-47E2-959A-4CC23C68DABA}.Release|Mixed Platforms.ActiveCfg = Release|Any CPU
		{BCDFE568-BB79-47E2-959A-4CC23C68DABA}.Release|Mixed Platforms.Build.0 = Release|Any CPU
		{BCDFE568-BB79-47E2-959A-4CC23C68DABA}.Release|x86.ActiveCfg = Release|Any CPU
		{D7F13F45-546A-47EB-AB75-1A030362A09F}.Ad-Hoc|Any CPU.ActiveCfg = Release|Any CPU
		{D7F13F45-546A-47EB-AB75-1A030362A09F}.Ad-Hoc|Any CPU.Build.0 = Release|Any CPU
		{D7F13F45-546A-47EB-AB75-1A030362A09F}.Ad-Hoc|iPhone.ActiveCfg = Release|Any CPU
		{D7F13F45-546A-47EB-AB75-1A030362A09F}.Ad-Hoc|iPhoneSimulator.ActiveCfg = Release|Any CPU
		{D7F13F45-546A-47EB-AB75-1A030362A09F}.Ad-Hoc|Mixed Platforms.ActiveCfg = Release|Any CPU
		{D7F13F45-546A-47EB-AB75-1A030362A09F}.Ad-Hoc|Mixed Platforms.Build.0 = Release|Any CPU
		{D7F13F45-546A-47EB-AB75-1A030362A09F}.Ad-Hoc|x86.ActiveCfg = Release|Any CPU
		{D7F13F45-546A-47EB-AB75-1A030362A09F}.AppStore|Any CPU.ActiveCfg = Release|Any CPU
		{D7F13F45-546A-47EB-AB75-1A030362A09F}.AppStore|Any CPU.Build.0 = Release|Any CPU
		{D7F13F45-546A-47EB-AB75-1A030362A09F}.AppStore|iPhone.ActiveCfg = Release|Any CPU
		{D7F13F45-546A-47EB-AB75-1A030362A09F}.AppStore|iPhoneSimulator.ActiveCfg = Release|Any CPU
		{D7F13F45-546A-47EB-AB75-1A030362A09F}.AppStore|Mixed Platforms.ActiveCfg = Release|Any CPU
		{D7F13F45-546A-47EB-AB75-1A030362A09F}.AppStore|Mixed Platforms.Build.0 = Release|Any CPU
		{D7F13F45-546A-47EB-AB75-1A030362A09F}.AppStore|x86.ActiveCfg = Release|Any CPU
		{D7F13F45-546A-47EB-AB75-1A030362A09F}.Debug|Any CPU.ActiveCfg = Debug|Any CPU
		{D7F13F45-546A-47EB-AB75-1A030362A09F}.Debug|Any CPU.Build.0 = Debug|Any CPU
		{D7F13F45-546A-47EB-AB75-1A030362A09F}.Debug|iPhone.ActiveCfg = Debug|Any CPU
		{D7F13F45-546A-47EB-AB75-1A030362A09F}.Debug|iPhoneSimulator.ActiveCfg = Debug|Any CPU
		{D7F13F45-546A-47EB-AB75-1A030362A09F}.Debug|Mixed Platforms.ActiveCfg = Debug|Any CPU
		{D7F13F45-546A-47EB-AB75-1A030362A09F}.Debug|Mixed Platforms.Build.0 = Debug|Any CPU
		{D7F13F45-546A-47EB-AB75-1A030362A09F}.Debug|x86.ActiveCfg = Debug|Any CPU
		{D7F13F45-546A-47EB-AB75-1A030362A09F}.Release|Any CPU.ActiveCfg = Release|Any CPU
		{D7F13F45-546A-47EB-AB75-1A030362A09F}.Release|Any CPU.Build.0 = Release|Any CPU
		{D7F13F45-546A-47EB-AB75-1A030362A09F}.Release|iPhone.ActiveCfg = Release|Any CPU
		{D7F13F45-546A-47EB-AB75-1A030362A09F}.Release|iPhoneSimulator.ActiveCfg = Release|Any CPU
		{D7F13F45-546A-47EB-AB75-1A030362A09F}.Release|Mixed Platforms.ActiveCfg = Release|Any CPU
		{D7F13F45-546A-47EB-AB75-1A030362A09F}.Release|Mixed Platforms.Build.0 = Release|Any CPU
		{D7F13F45-546A-47EB-AB75-1A030362A09F}.Release|x86.ActiveCfg = Release|Any CPU
	EndGlobalSection
	GlobalSection(SolutionProperties) = preSolution
		HideSolutionNode = FALSE
	EndGlobalSection
	GlobalSection(MonoDevelopProperties) = preSolution
		StartupItem = demo-particle-xamarin.ios\demo-particle-xamarin.ios.csproj
	EndGlobalSection
EndGlobal
