
Microsoft Visual Studio Solution File, Format Version 11.00
# Visual Studio 2010
Project("{FAE04EC0-301F-11D3-BF4B-00C04F79EFBC}") = "PhotonLoadbalancingApi", "PhotonLoadbalancingApi.csproj", "{BCDFE568-BB79-47E2-959A-4CC23C68DABA}"
EndProject
Project("{FAE04EC0-301F-11D3-BF4B-00C04F79EFBC}") = "PhotonDotNet", "..\PhotonDotNet\PhotonDotNet.csproj", "{3500A187-BE75-4D01-ADB0-FB4FA1B0B65C}"
EndProject
Global
	GlobalSection(SolutionConfigurationPlatforms) = preSolution
		Debug|Any CPU = Debug|Any CPU
		Release|Any CPU = Release|Any CPU
	EndGlobalSection
	GlobalSection(ProjectConfigurationPlatforms) = postSolution
		{3500A187-BE75-4D01-ADB0-FB4FA1B0B65C}.Debug|Any CPU.ActiveCfg = Debug|Any CPU
		{3500A187-BE75-4D01-ADB0-FB4FA1B0B65C}.Debug|Any CPU.Build.0 = Debug|Any CPU
		{3500A187-BE75-4D01-ADB0-FB4FA1B0B65C}.Release|Any CPU.ActiveCfg = Release|Any CPU
		{3500A187-BE75-4D01-ADB0-FB4FA1B0B65C}.Release|Any CPU.Build.0 = Release|Any CPU
		{BCDFE568-BB79-47E2-959A-4CC23C68DABA}.Debug|Any CPU.ActiveCfg = Debug|Any CPU
		{BCDFE568-BB79-47E2-959A-4CC23C68DABA}.Debug|Any CPU.Build.0 = Debug|Any CPU
		{BCDFE568-BB79-47E2-959A-4CC23C68DABA}.Release|Any CPU.ActiveCfg = Release|Any CPU
		{BCDFE568-BB79-47E2-959A-4CC23C68DABA}.Release|Any CPU.Build.0 = Release|Any CPU
	EndGlobalSection
	GlobalSection(MonoDevelopProperties) = preSolution
		StartupItem = PhotonLoadbalancingApi.csproj
	EndGlobalSection
EndGlobal
